
Microsoft Visual Studio Solution File, Format Version 12.00
# Visual Studio Version 17
VisualStudioVersion = 17.3.32922.545
MinimumVisualStudioVersion = 10.0.40219.1
Project("{9A19103F-16F7-4668-BE54-9A1E7A4F7556}") = "Stage0", "Stage0\Stage0.csproj", "{CE484985-AA4F-48A7-A01D-00D54ED7C91C}"
EndProject
Project("{9A19103F-16F7-4668-BE54-9A1E7A4F7556}") = "DalFacade", "DalFacade\DalFacade.csproj", "{C7AA73C7-51A3-4B85-82BD-EB826C2C06AA}"
EndProject
Project("{9A19103F-16F7-4668-BE54-9A1E7A4F7556}") = "DalList", "DalList\DalList.csproj", "{DD04E8B7-F0E8-42C5-8E2B-7AC87EE5F5FD}"
EndProject
Project("{9A19103F-16F7-4668-BE54-9A1E7A4F7556}") = "DalTest", "DalTest\DalTest.csproj", "{08C7FAB3-6590-4518-BC31-B4710051D01A}"
EndProject
Project("{9A19103F-16F7-4668-BE54-9A1E7A4F7556}") = "BL", "BL\BL.csproj", "{6128DFEA-9583-4F0E-A804-025D91C67638}"
	ProjectSection(ProjectDependencies) = postProject
		{C7AA73C7-51A3-4B85-82BD-EB826C2C06AA} = {C7AA73C7-51A3-4B85-82BD-EB826C2C06AA}
		{DD04E8B7-F0E8-42C5-8E2B-7AC87EE5F5FD} = {DD04E8B7-F0E8-42C5-8E2B-7AC87EE5F5FD}
	EndProjectSection
EndProject
Project("{9A19103F-16F7-4668-BE54-9A1E7A4F7556}") = "BLTest", "BLTest\BLTest.csproj", "{5EA7A798-7D01-49F3-ACC3-158E3C43C23D}"
EndProject
Project("{9A19103F-16F7-4668-BE54-9A1E7A4F7556}") = "PL", "PL\PL.csproj", "{DD0EA250-8D4C-41D9-9C89-DE7902F6612A}"
EndProject
Project("{2150E333-8FDC-42A3-9474-1A3956D46DE8}") = "Solution Items", "Solution Items", "{A95EA33C-8BBF-4E2E-AB5E-2756559FDB56}"
	ProjectSection(SolutionItems) = preProject
		.editorconfig = .editorconfig
	EndProjectSection
EndProject
Project("{2150E333-8FDC-42A3-9474-1A3956D46DE8}") = "xml", "xml", "{C97BADBE-9EB5-41CA-9595-1A1EC7617BD2}"
	ProjectSection(SolutionItems) = preProject
		xml\config.xml = xml\config.xml
		xml\dal-config.xml = xml\dal-config.xml
		xml\Order.xml = xml\Order.xml
		xml\OrderItem.xml = xml\OrderItem.xml
		xml\Product.xml = xml\Product.xml
	EndProjectSection
EndProject
Project("{9A19103F-16F7-4668-BE54-9A1E7A4F7556}") = "DalXml", "DalXml\DalXml.csproj", "{A1305BD1-AA59-407C-81DB-7831AA338CC4}"
EndProject
Project("{9A19103F-16F7-4668-BE54-9A1E7A4F7556}") = "InitializeXmlFiles", "InitializeXmlFiles\InitializeXmlFiles.csproj", "{98E56A2B-775D-4DC7-8AF4-3ECAF94550EE}"
EndProject
Global
	GlobalSection(SolutionConfigurationPlatforms) = preSolution
		Debug|Any CPU = Debug|Any CPU
		Debug|x64 = Debug|x64
		Debug|x86 = Debug|x86
		Release|Any CPU = Release|Any CPU
		Release|x64 = Release|x64
		Release|x86 = Release|x86
	EndGlobalSection
	GlobalSection(ProjectConfigurationPlatforms) = postSolution
		{CE484985-AA4F-48A7-A01D-00D54ED7C91C}.Debug|Any CPU.ActiveCfg = Debug|Any CPU
		{CE484985-AA4F-48A7-A01D-00D54ED7C91C}.Debug|Any CPU.Build.0 = Debug|Any CPU
		{CE484985-AA4F-48A7-A01D-00D54ED7C91C}.Debug|x64.ActiveCfg = Debug|Any CPU
		{CE484985-AA4F-48A7-A01D-00D54ED7C91C}.Debug|x64.Build.0 = Debug|Any CPU
		{CE484985-AA4F-48A7-A01D-00D54ED7C91C}.Debug|x86.ActiveCfg = Debug|Any CPU
		{CE484985-AA4F-48A7-A01D-00D54ED7C91C}.Debug|x86.Build.0 = Debug|Any CPU
		{CE484985-AA4F-48A7-A01D-00D54ED7C91C}.Release|Any CPU.ActiveCfg = Release|Any CPU
		{CE484985-AA4F-48A7-A01D-00D54ED7C91C}.Release|Any CPU.Build.0 = Release|Any CPU
		{CE484985-AA4F-48A7-A01D-00D54ED7C91C}.Release|x64.ActiveCfg = Release|x64
		{CE484985-AA4F-48A7-A01D-00D54ED7C91C}.Release|x64.Build.0 = Release|x64
		{CE484985-AA4F-48A7-A01D-00D54ED7C91C}.Release|x86.ActiveCfg = Release|Any CPU
		{CE484985-AA4F-48A7-A01D-00D54ED7C91C}.Release|x86.Build.0 = Release|Any CPU
		{C7AA73C7-51A3-4B85-82BD-EB826C2C06AA}.Debug|Any CPU.ActiveCfg = Debug|Any CPU
		{C7AA73C7-51A3-4B85-82BD-EB826C2C06AA}.Debug|Any CPU.Build.0 = Debug|Any CPU
		{C7AA73C7-51A3-4B85-82BD-EB826C2C06AA}.Debug|x64.ActiveCfg = Debug|Any CPU
		{C7AA73C7-51A3-4B85-82BD-EB826C2C06AA}.Debug|x64.Build.0 = Debug|Any CPU
		{C7AA73C7-51A3-4B85-82BD-EB826C2C06AA}.Debug|x86.ActiveCfg = Debug|Any CPU
		{C7AA73C7-51A3-4B85-82BD-EB826C2C06AA}.Debug|x86.Build.0 = Debug|Any CPU
		{C7AA73C7-51A3-4B85-82BD-EB826C2C06AA}.Release|Any CPU.ActiveCfg = Release|Any CPU
		{C7AA73C7-51A3-4B85-82BD-EB826C2C06AA}.Release|Any CPU.Build.0 = Release|Any CPU
		{C7AA73C7-51A3-4B85-82BD-EB826C2C06AA}.Release|x64.ActiveCfg = Release|x64
		{C7AA73C7-51A3-4B85-82BD-EB826C2C06AA}.Release|x64.Build.0 = Release|x64
		{C7AA73C7-51A3-4B85-82BD-EB826C2C06AA}.Release|x86.ActiveCfg = Release|x86
		{C7AA73C7-51A3-4B85-82BD-EB826C2C06AA}.Release|x86.Build.0 = Release|x86
		{DD04E8B7-F0E8-42C5-8E2B-7AC87EE5F5FD}.Debug|Any CPU.ActiveCfg = Debug|Any CPU
		{DD04E8B7-F0E8-42C5-8E2B-7AC87EE5F5FD}.Debug|Any CPU.Build.0 = Debug|Any CPU
		{DD04E8B7-F0E8-42C5-8E2B-7AC87EE5F5FD}.Debug|x64.ActiveCfg = Debug|Any CPU
		{DD04E8B7-F0E8-42C5-8E2B-7AC87EE5F5FD}.Debug|x64.Build.0 = Debug|Any CPU
		{DD04E8B7-F0E8-42C5-8E2B-7AC87EE5F5FD}.Debug|x86.ActiveCfg = Debug|Any CPU
		{DD04E8B7-F0E8-42C5-8E2B-7AC87EE5F5FD}.Debug|x86.Build.0 = Debug|Any CPU
		{DD04E8B7-F0E8-42C5-8E2B-7AC87EE5F5FD}.Release|Any CPU.ActiveCfg = Release|Any CPU
		{DD04E8B7-F0E8-42C5-8E2B-7AC87EE5F5FD}.Release|Any CPU.Build.0 = Release|Any CPU
		{DD04E8B7-F0E8-42C5-8E2B-7AC87EE5F5FD}.Release|x64.ActiveCfg = Release|x64
		{DD04E8B7-F0E8-42C5-8E2B-7AC87EE5F5FD}.Release|x64.Build.0 = Release|x64
		{DD04E8B7-F0E8-42C5-8E2B-7AC87EE5F5FD}.Release|x86.ActiveCfg = Release|Any CPU
		{DD04E8B7-F0E8-42C5-8E2B-7AC87EE5F5FD}.Release|x86.Build.0 = Release|Any CPU
		{08C7FAB3-6590-4518-BC31-B4710051D01A}.Debug|Any CPU.ActiveCfg = Debug|Any CPU
		{08C7FAB3-6590-4518-BC31-B4710051D01A}.Debug|Any CPU.Build.0 = Debug|Any CPU
		{08C7FAB3-6590-4518-BC31-B4710051D01A}.Debug|x64.ActiveCfg = Debug|Any CPU
		{08C7FAB3-6590-4518-BC31-B4710051D01A}.Debug|x64.Build.0 = Debug|Any CPU
		{08C7FAB3-6590-4518-BC31-B4710051D01A}.Debug|x86.ActiveCfg = Debug|Any CPU
		{08C7FAB3-6590-4518-BC31-B4710051D01A}.Debug|x86.Build.0 = Debug|Any CPU
		{08C7FAB3-6590-4518-BC31-B4710051D01A}.Release|Any CPU.ActiveCfg = Release|Any CPU
		{08C7FAB3-6590-4518-BC31-B4710051D01A}.Release|Any CPU.Build.0 = Release|Any CPU
		{08C7FAB3-6590-4518-BC31-B4710051D01A}.Release|x64.ActiveCfg = Release|x64
		{08C7FAB3-6590-4518-BC31-B4710051D01A}.Release|x64.Build.0 = Release|x64
		{08C7FAB3-6590-4518-BC31-B4710051D01A}.Release|x86.ActiveCfg = Release|Any CPU
		{08C7FAB3-6590-4518-BC31-B4710051D01A}.Release|x86.Build.0 = Release|Any CPU
		{6128DFEA-9583-4F0E-A804-025D91C67638}.Debug|Any CPU.ActiveCfg = Debug|Any CPU
		{6128DFEA-9583-4F0E-A804-025D91C67638}.Debug|Any CPU.Build.0 = Debug|Any CPU
		{6128DFEA-9583-4F0E-A804-025D91C67638}.Debug|x64.ActiveCfg = Debug|Any CPU
		{6128DFEA-9583-4F0E-A804-025D91C67638}.Debug|x64.Build.0 = Debug|Any CPU
		{6128DFEA-9583-4F0E-A804-025D91C67638}.Debug|x86.ActiveCfg = Debug|Any CPU
		{6128DFEA-9583-4F0E-A804-025D91C67638}.Debug|x86.Build.0 = Debug|Any CPU
		{6128DFEA-9583-4F0E-A804-025D91C67638}.Release|Any CPU.ActiveCfg = Release|Any CPU
		{6128DFEA-9583-4F0E-A804-025D91C67638}.Release|Any CPU.Build.0 = Release|Any CPU
		{6128DFEA-9583-4F0E-A804-025D91C67638}.Release|x64.ActiveCfg = Release|Any CPU
		{6128DFEA-9583-4F0E-A804-025D91C67638}.Release|x64.Build.0 = Release|Any CPU
		{6128DFEA-9583-4F0E-A804-025D91C67638}.Release|x86.ActiveCfg = Release|Any CPU
		{6128DFEA-9583-4F0E-A804-025D91C67638}.Release|x86.Build.0 = Release|Any CPU
		{5EA7A798-7D01-49F3-ACC3-158E3C43C23D}.Debug|Any CPU.ActiveCfg = Debug|Any CPU
		{5EA7A798-7D01-49F3-ACC3-158E3C43C23D}.Debug|Any CPU.Build.0 = Debug|Any CPU
		{5EA7A798-7D01-49F3-ACC3-158E3C43C23D}.Debug|x64.ActiveCfg = Debug|Any CPU
		{5EA7A798-7D01-49F3-ACC3-158E3C43C23D}.Debug|x64.Build.0 = Debug|Any CPU
		{5EA7A798-7D01-49F3-ACC3-158E3C43C23D}.Debug|x86.ActiveCfg = Debug|Any CPU
		{5EA7A798-7D01-49F3-ACC3-158E3C43C23D}.Debug|x86.Build.0 = Debug|Any CPU
		{5EA7A798-7D01-49F3-ACC3-158E3C43C23D}.Release|Any CPU.ActiveCfg = Release|Any CPU
		{5EA7A798-7D01-49F3-ACC3-158E3C43C23D}.Release|Any CPU.Build.0 = Release|Any CPU
		{5EA7A798-7D01-49F3-ACC3-158E3C43C23D}.Release|x64.ActiveCfg = Release|Any CPU
		{5EA7A798-7D01-49F3-ACC3-158E3C43C23D}.Release|x64.Build.0 = Release|Any CPU
		{5EA7A798-7D01-49F3-ACC3-158E3C43C23D}.Release|x86.ActiveCfg = Release|Any CPU
		{5EA7A798-7D01-49F3-ACC3-158E3C43C23D}.Release|x86.Build.0 = Release|Any CPU
		{DD0EA250-8D4C-41D9-9C89-DE7902F6612A}.Debug|Any CPU.ActiveCfg = Debug|Any CPU
		{DD0EA250-8D4C-41D9-9C89-DE7902F6612A}.Debug|Any CPU.Build.0 = Debug|Any CPU
		{DD0EA250-8D4C-41D9-9C89-DE7902F6612A}.Debug|x64.ActiveCfg = Debug|Any CPU
		{DD0EA250-8D4C-41D9-9C89-DE7902F6612A}.Debug|x64.Build.0 = Debug|Any CPU
		{DD0EA250-8D4C-41D9-9C89-DE7902F6612A}.Debug|x86.ActiveCfg = Debug|Any CPU
		{DD0EA250-8D4C-41D9-9C89-DE7902F6612A}.Debug|x86.Build.0 = Debug|Any CPU
		{DD0EA250-8D4C-41D9-9C89-DE7902F6612A}.Release|Any CPU.ActiveCfg = Release|Any CPU
		{DD0EA250-8D4C-41D9-9C89-DE7902F6612A}.Release|Any CPU.Build.0 = Release|Any CPU
		{DD0EA250-8D4C-41D9-9C89-DE7902F6612A}.Release|x64.ActiveCfg = Release|Any CPU
		{DD0EA250-8D4C-41D9-9C89-DE7902F6612A}.Release|x64.Build.0 = Release|Any CPU
		{DD0EA250-8D4C-41D9-9C89-DE7902F6612A}.Release|x86.ActiveCfg = Release|Any CPU
		{DD0EA250-8D4C-41D9-9C89-DE7902F6612A}.Release|x86.Build.0 = Release|Any CPU
		{A1305BD1-AA59-407C-81DB-7831AA338CC4}.Debug|Any CPU.ActiveCfg = Debug|Any CPU
		{A1305BD1-AA59-407C-81DB-7831AA338CC4}.Debug|Any CPU.Build.0 = Debug|Any CPU
		{A1305BD1-AA59-407C-81DB-7831AA338CC4}.Debug|x64.ActiveCfg = Debug|Any CPU
		{A1305BD1-AA59-407C-81DB-7831AA338CC4}.Debug|x64.Build.0 = Debug|Any CPU
		{A1305BD1-AA59-407C-81DB-7831AA338CC4}.Debug|x86.ActiveCfg = Debug|Any CPU
		{A1305BD1-AA59-407C-81DB-7831AA338CC4}.Debug|x86.Build.0 = Debug|Any CPU
		{A1305BD1-AA59-407C-81DB-7831AA338CC4}.Release|Any CPU.ActiveCfg = Release|Any CPU
		{A1305BD1-AA59-407C-81DB-7831AA338CC4}.Release|Any CPU.Build.0 = Release|Any CPU
		{A1305BD1-AA59-407C-81DB-7831AA338CC4}.Release|x64.ActiveCfg = Release|Any CPU
		{A1305BD1-AA59-407C-81DB-7831AA338CC4}.Release|x64.Build.0 = Release|Any CPU
		{A1305BD1-AA59-407C-81DB-7831AA338CC4}.Release|x86.ActiveCfg = Release|Any CPU
		{A1305BD1-AA59-407C-81DB-7831AA338CC4}.Release|x86.Build.0 = Release|Any CPU
		{98E56A2B-775D-4DC7-8AF4-3ECAF94550EE}.Debug|Any CPU.ActiveCfg = Debug|Any CPU
		{98E56A2B-775D-4DC7-8AF4-3ECAF94550EE}.Debug|Any CPU.Build.0 = Debug|Any CPU
		{98E56A2B-775D-4DC7-8AF4-3ECAF94550EE}.Debug|x64.ActiveCfg = Debug|Any CPU
		{98E56A2B-775D-4DC7-8AF4-3ECAF94550EE}.Debug|x64.Build.0 = Debug|Any CPU
		{98E56A2B-775D-4DC7-8AF4-3ECAF94550EE}.Debug|x86.ActiveCfg = Debug|Any CPU
		{98E56A2B-775D-4DC7-8AF4-3ECAF94550EE}.Debug|x86.Build.0 = Debug|Any CPU
		{98E56A2B-775D-4DC7-8AF4-3ECAF94550EE}.Release|Any CPU.ActiveCfg = Release|Any CPU
		{98E56A2B-775D-4DC7-8AF4-3ECAF94550EE}.Release|Any CPU.Build.0 = Release|Any CPU
		{98E56A2B-775D-4DC7-8AF4-3ECAF94550EE}.Release|x64.ActiveCfg = Release|Any CPU
		{98E56A2B-775D-4DC7-8AF4-3ECAF94550EE}.Release|x64.Build.0 = Release|Any CPU
		{98E56A2B-775D-4DC7-8AF4-3ECAF94550EE}.Release|x86.ActiveCfg = Release|Any CPU
		{98E56A2B-775D-4DC7-8AF4-3ECAF94550EE}.Release|x86.Build.0 = Release|Any CPU
	EndGlobalSection
	GlobalSection(SolutionProperties) = preSolution
		HideSolutionNode = FALSE
	EndGlobalSection
	GlobalSection(ExtensibilityGlobals) = postSolution
		SolutionGuid = {F1A68595-22E0-481F-8B77-52BFFDAB960D}
	EndGlobalSection
EndGlobal
